
Microsoft Visual Studio Solution File, Format Version 12.00
# Visual Studio Version 16
VisualStudioVersion = 16.0.30406.217
MinimumVisualStudioVersion = 10.0.40219.1
Project("{FAE04EC0-301F-11D3-BF4B-00C04F79EFBC}") = "ChatService", "ChatService\ChatService.csproj", "{BA6CE485-1605-4BC7-B28B-D376E0C5D1D0}"
EndProject
Project("{FAE04EC0-301F-11D3-BF4B-00C04F79EFBC}") = "ConsoleChatHost", "ConsoleChatHost\ConsoleChatHost.csproj", "{3A8B81E0-2E79-486B-9947-B4C02A3843C3}"
EndProject
Project("{2150E333-8FDC-42A3-9474-1A3956D46DE8}") = "ServerSide", "ServerSide", "{777A2E64-B4CC-4296-AAF3-A7150CBF1D06}"
EndProject
Project("{2150E333-8FDC-42A3-9474-1A3956D46DE8}") = "ClientSide", "ClientSide", "{998ABE7C-5059-4E0A-AAF8-A61CCB00DC93}"
EndProject
Project("{FAE04EC0-301F-11D3-BF4B-00C04F79EFBC}") = "WindowsFormsChatClient", "WindowsFormsChatClient\WindowsFormsChatClient.csproj", "{DEAAD1C7-0F93-49C5-A01B-40387F785BB0}"
	ProjectSection(ProjectDependencies) = postProject
		{BA6CE485-1605-4BC7-B28B-D376E0C5D1D0} = {BA6CE485-1605-4BC7-B28B-D376E0C5D1D0}
	EndProjectSection
EndProject
Project("{FAE04EC0-301F-11D3-BF4B-00C04F79EFBC}") = "WindowsServiceChatHost", "WindowsServiceChatHost\WindowsServiceChatHost.csproj", "{E4DED562-DE36-4FA1-97BF-75ED53835A81}"
EndProject
Global
	GlobalSection(SolutionConfigurationPlatforms) = preSolution
		Debug|Any CPU = Debug|Any CPU
		Release|Any CPU = Release|Any CPU
	EndGlobalSection
	GlobalSection(ProjectConfigurationPlatforms) = postSolution
		{BA6CE485-1605-4BC7-B28B-D376E0C5D1D0}.Debug|Any CPU.ActiveCfg = Debug|Any CPU
		{BA6CE485-1605-4BC7-B28B-D376E0C5D1D0}.Debug|Any CPU.Build.0 = Debug|Any CPU
		{BA6CE485-1605-4BC7-B28B-D376E0C5D1D0}.Release|Any CPU.ActiveCfg = Release|Any CPU
		{BA6CE485-1605-4BC7-B28B-D376E0C5D1D0}.Release|Any CPU.Build.0 = Release|Any CPU
		{3A8B81E0-2E79-486B-9947-B4C02A3843C3}.Debug|Any CPU.ActiveCfg = Debug|Any CPU
		{3A8B81E0-2E79-486B-9947-B4C02A3843C3}.Debug|Any CPU.Build.0 = Debug|Any CPU
		{3A8B81E0-2E79-486B-9947-B4C02A3843C3}.Release|Any CPU.ActiveCfg = Release|Any CPU
		{3A8B81E0-2E79-486B-9947-B4C02A3843C3}.Release|Any CPU.Build.0 = Release|Any CPU
		{DEAAD1C7-0F93-49C5-A01B-40387F785BB0}.Debug|Any CPU.ActiveCfg = Debug|Any CPU
		{DEAAD1C7-0F93-49C5-A01B-40387F785BB0}.Debug|Any CPU.Build.0 = Debug|Any CPU
		{DEAAD1C7-0F93-49C5-A01B-40387F785BB0}.Release|Any CPU.ActiveCfg = Release|Any CPU
		{DEAAD1C7-0F93-49C5-A01B-40387F785BB0}.Release|Any CPU.Build.0 = Release|Any CPU
		{E4DED562-DE36-4FA1-97BF-75ED53835A81}.Debug|Any CPU.ActiveCfg = Debug|Any CPU
		{E4DED562-DE36-4FA1-97BF-75ED53835A81}.Debug|Any CPU.Build.0 = Debug|Any CPU
		{E4DED562-DE36-4FA1-97BF-75ED53835A81}.Release|Any CPU.ActiveCfg = Release|Any CPU
		{E4DED562-DE36-4FA1-97BF-75ED53835A81}.Release|Any CPU.Build.0 = Release|Any CPU
	EndGlobalSection
	GlobalSection(SolutionProperties) = preSolution
		HideSolutionNode = FALSE
	EndGlobalSection
	GlobalSection(NestedProjects) = preSolution
		{BA6CE485-1605-4BC7-B28B-D376E0C5D1D0} = {777A2E64-B4CC-4296-AAF3-A7150CBF1D06}
		{3A8B81E0-2E79-486B-9947-B4C02A3843C3} = {777A2E64-B4CC-4296-AAF3-A7150CBF1D06}
		{DEAAD1C7-0F93-49C5-A01B-40387F785BB0} = {998ABE7C-5059-4E0A-AAF8-A61CCB00DC93}
		{E4DED562-DE36-4FA1-97BF-75ED53835A81} = {777A2E64-B4CC-4296-AAF3-A7150CBF1D06}
	EndGlobalSection
	GlobalSection(ExtensibilityGlobals) = postSolution
		SolutionGuid = {E8938126-1017-4C0B-9E8B-BE2FB6F44FAB}
	EndGlobalSection
EndGlobal
